
Microsoft Visual Studio Solution File, Format Version 12.00
# Visual Studio 15
VisualStudioVersion = 15.0.28010.2046
MinimumVisualStudioVersion = 10.0.40219.1
Project("{888888A0-9F3D-457C-B088-3A5042F75D52}") = "RS-Model", "RS-Model\RS-Model.pyproj", "{71C74822-9166-429A-9F86-1834DA16C2A8}"
EndProject
Global
	GlobalSection(SolutionConfigurationPlatforms) = preSolution
		Debug|Any CPU = Debug|Any CPU
		Release|Any CPU = Release|Any CPU
	EndGlobalSection
	GlobalSection(ProjectConfigurationPlatforms) = postSolution
		{71C74822-9166-429A-9F86-1834DA16C2A8}.Debug|Any CPU.ActiveCfg = Debug|Any CPU
		{71C74822-9166-429A-9F86-1834DA16C2A8}.Release|Any CPU.ActiveCfg = Release|Any CPU
	EndGlobalSection
	GlobalSection(SolutionProperties) = preSolution
		HideSolutionNode = FALSE
	EndGlobalSection
	GlobalSection(ExtensibilityGlobals) = postSolution
		SolutionGuid = {37E64297-7260-4F51-9FB6-E1C9676714C7}
	EndGlobalSection
EndGlobal
